PODS:
  - AFNetworking (3.2.1):
    - AFNetworking/NSURLSession (= 3.2.1)
    - AFNetworking/Reachability (= 3.2.1)
    - AFNetworking/Security (= 3.2.1)
    - AFNetworking/Serialization (= 3.2.1)
    - AFNetworking/UIKit (= 3.2.1)
  - AFNetworking/NSURLSession (3.2.1):
    - AFNetworking/Reachability
    - AFNetworking/Security
    - AFNetworking/Serialization
  - AFNetworking/Reachability (3.2.1)
  - AFNetworking/Security (3.2.1)
  - AFNetworking/Serialization (3.2.1)
  - AFNetworking/UIKit (3.2.1):
    - AFNetworking/NSURLSession
  - MJExtension (3.0.15.1)
  - ReactiveObjC (3.1.0)
  - SDWebImage (4.4.2):
    - SDWebImage/Core (= 4.4.2)
  - SDWebImage/Core (4.4.2)

DEPENDENCIES:
  - AFNetworking
  - MJExtension
  - ReactiveObjC
  - SDWebImage

SPEC REPOS:
  https://github.com/cocoapods/specs.git:
    - AFNetworking
    - MJExtension
    - ReactiveObjC
    - SDWebImage

SPEC CHECKSUMS:
  AFNetworking: b6f891fdfaed196b46c7a83cf209e09697b94057
  MJExtension: 19bc33ce2eee2d319760f5622562cf581a6ff756
  ReactiveObjC: 2a38ea15335de4119d8b17caf1db1484f61db902
  SDWebImage: 624d6e296c69b244bcede364c72ae0430ac14681

PODFILE CHECKSUM: bbd6f4dd6d1c20fa2320b445849be107a6f975cd

COCOAPODS: 1.5.3
